// !$*UTF8*$!
{
	archiveVersion = 1;
	classes = {
	};
	objectVersion = 56;
	objects = {

/* Begin PBXBuildFile section */
		1F4DF8D32AFCEE0800C17985 /* CharctersApp.swift in Sources */ = {isa = PBXBuildFile; fileRef = 1F4DF8D22AFCEE0800C17985 /* CharctersApp.swift */; };
		1F4DF8D52AFCEE0800C17985 /* ContentView.swift in Sources */ = {isa = PBXBuildFile; fileRef = 1F4DF8D42AFCEE0800C17985 /* ContentView.swift */; };
		1F4DF8D72AFCEE0900C17985 /* Assets.xcassets in Resources */ = {isa = PBXBuildFile; fileRef = 1F4DF8D62AFCEE0900C17985 /* Assets.xcassets */; };
		1F4DF8DA2AFCEE0900C17985 /* Preview Assets.xcassets in Resources */ = {isa = PBXBuildFile; fileRef = 1F4DF8D92AFCEE0900C17985 /* Preview Assets.xcassets */; };
		1F4DF8E92AFCEE8500C17985 /* CharctersViewModel.swift in Sources */ = {isa = PBXBuildFile; fileRef = 1F4DF8E82AFCEE8500C17985 /* CharctersViewModel.swift */; };
		1F4DF8EB2AFCEE9100C17985 /* CharctersModel.swift in Sources */ = {isa = PBXBuildFile; fileRef = 1F4DF8EA2AFCEE9100C17985 /* CharctersModel.swift */; };
		1F4DF8ED2AFCEEDE00C17985 /* APIClient.swift in Sources */ = {isa = PBXBuildFile; fileRef = 1F4DF8EC2AFCEEDE00C17985 /* APIClient.swift */; };
		1F4DF8EF2AFCEEE700C17985 /* Enums.swift in Sources */ = {isa = PBXBuildFile; fileRef = 1F4DF8EE2AFCEEE700C17985 /* Enums.swift */; };
		1F4DF8F12AFCEEF300C17985 /* TargetType.swift in Sources */ = {isa = PBXBuildFile; fileRef = 1F4DF8F02AFCEEF300C17985 /* TargetType.swift */; };
		1F4DF8F32AFCF04B00C17985 /* String.swift in Sources */ = {isa = PBXBuildFile; fileRef = 1F4DF8F22AFCF04B00C17985 /* String.swift */; };
		1F4DF8F52AFCF10300C17985 /* Encodable.swift in Sources */ = {isa = PBXBuildFile; fileRef = 1F4DF8F42AFCF10300C17985 /* Encodable.swift */; };
		1F4DF8F72AFCF25C00C17985 /* CharactersTargetType.swift in Sources */ = {isa = PBXBuildFile; fileRef = 1F4DF8F62AFCF25C00C17985 /* CharactersTargetType.swift */; };
/* End PBXBuildFile section */

/* Begin PBXFileReference section */
		1F4DF8CF2AFCEE0800C17985 /* Charcters.app */ = {isa = PBXFileReference; explicitFileType = wrapper.application; includeInIndex = 0; path = Charcters.app; sourceTree = BUILT_PRODUCTS_DIR; };
		1F4DF8D22AFCEE0800C17985 /* CharctersApp.swift */ = {isa = PBXFileReference; lastKnownFileType = sourcecode.swift; path = CharctersApp.swift; sourceTree = "<group>"; };
		1F4DF8D42AFCEE0800C17985 /* ContentView.swift */ = {isa = PBXFileReference; lastKnownFileType = sourcecode.swift; path = ContentView.swift; sourceTree = "<group>"; };
		1F4DF8D62AFCEE0900C17985 /* Assets.xcassets */ = {isa = PBXFileReference; lastKnownFileType = folder.assetcatalog; path = Assets.xcassets; sourceTree = "<group>"; };
		1F4DF8D92AFCEE0900C17985 /* Preview Assets.xcassets */ = {isa = PBXFileReference; lastKnownFileType = folder.assetcatalog; path = "Preview Assets.xcassets"; sourceTree = "<group>"; };
		1F4DF8E82AFCEE8500C17985 /* CharctersViewModel.swift */ = {isa = PBXFileReference; lastKnownFileType = sourcecode.swift; path = CharctersViewModel.swift; sourceTree = "<group>"; };
		1F4DF8EA2AFCEE9100C17985 /* CharctersModel.swift */ = {isa = PBXFileReference; lastKnownFileType = sourcecode.swift; path = CharctersModel.swift; sourceTree = "<group>"; };
		1F4DF8EC2AFCEEDE00C17985 /* APIClient.swift */ = {isa = PBXFileReference; lastKnownFileType = sourcecode.swift; path = APIClient.swift; sourceTree = "<group>"; };
		1F4DF8EE2AFCEEE700C17985 /* Enums.swift */ = {isa = PBXFileReference; lastKnownFileType = sourcecode.swift; path = Enums.swift; sourceTree = "<group>"; };
		1F4DF8F02AFCEEF300C17985 /* TargetType.swift */ = {isa = PBXFileReference; lastKnownFileType = sourcecode.swift; path = TargetType.swift; sourceTree = "<group>"; };
		1F4DF8F22AFCF04B00C17985 /* String.swift */ = {isa = PBXFileReference; lastKnownFileType = sourcecode.swift; path = String.swift; sourceTree = "<group>"; };
		1F4DF8F42AFCF10300C17985 /* Encodable.swift */ = {isa = PBXFileReference; lastKnownFileType = sourcecode.swift; path = Encodable.swift; sourceTree = "<group>"; };
		1F4DF8F62AFCF25C00C17985 /* CharactersTargetType.swift */ = {isa = PBXFileReference; lastKnownFileType = sourcecode.swift; path = CharactersTargetType.swift; sourceTree = "<group>"; };
/* End PBXFileReference section */

/* Begin PBXFrameworksBuildPhase section */
		1F4DF8CC2AFCEE0800C17985 /* Frameworks */ = {
			isa = PBXFrameworksBuildPhase;
			buildActionMask = 2147483647;
			files = (
			);
			runOnlyForDeploymentPostprocessing = 0;
		};
/* End PBXFrameworksBuildPhase section */

/* Begin PBXGroup section */
		1F4DF8C62AFCEE0800C17985 = {
			isa = PBXGroup;
			children = (
				1F4DF8D12AFCEE0800C17985 /* Charcters */,
				1F4DF8D02AFCEE0800C17985 /* Products */,
			);
			sourceTree = "<group>";
		};
		1F4DF8D02AFCEE0800C17985 /* Products */ = {
			isa = PBXGroup;
			children = (
				1F4DF8CF2AFCEE0800C17985 /* Charcters.app */,
			);
			name = Products;
			sourceTree = "<group>";
		};
		1F4DF8D12AFCEE0800C17985 /* Charcters */ = {
			isa = PBXGroup;
			children = (
				1F4DF8D22AFCEE0800C17985 /* CharctersApp.swift */,
				1F4DF8E02AFCEE1B00C17985 /* Modules */,
				1F4DF8E22AFCEE4B00C17985 /* Utilities */,
				1F4DF8D62AFCEE0900C17985 /* Assets.xcassets */,
				1F4DF8D82AFCEE0900C17985 /* Preview Content */,
			);
			path = Charcters;
			sourceTree = "<group>";
		};
		1F4DF8D82AFCEE0900C17985 /* Preview Content */ = {
			isa = PBXGroup;
			children = (
				1F4DF8D92AFCEE0900C17985 /* Preview Assets.xcassets */,
			);
			path = "Preview Content";
			sourceTree = "<group>";
		};
		1F4DF8E02AFCEE1B00C17985 /* Modules */ = {
			isa = PBXGroup;
			children = (
				1F4DF8E72AFCEE7400C17985 /* View */,
				1F4DF8E62AFCEE6E00C17985 /* ViewModel */,
				1F4DF8E52AFCEE6A00C17985 /* Model */,
			);
			path = Modules;
			sourceTree = "<group>";
		};
		1F4DF8E22AFCEE4B00C17985 /* Utilities */ = {
			isa = PBXGroup;
			children = (
				1F4DF8E42AFCEE5F00C17985 /* Extension */,
				1F4DF8E32AFCEE5700C17985 /* Networking */,
			);
			path = Utilities;
			sourceTree = "<group>";
		};
		1F4DF8E32AFCEE5700C17985 /* Networking */ = {
			isa = PBXGroup;
			children = (
				1F4DF8EC2AFCEEDE00C17985 /* APIClient.swift */,
				1F4DF8EE2AFCEEE700C17985 /* Enums.swift */,
				1F4DF8F02AFCEEF300C17985 /* TargetType.swift */,
				1F4DF8F62AFCF25C00C17985 /* CharactersTargetType.swift */,
			);
			path = Networking;
			sourceTree = "<group>";
		};
		1F4DF8E42AFCEE5F00C17985 /* Extension */ = {
			isa = PBXGroup;
			children = (
				1F4DF8F22AFCF04B00C17985 /* String.swift */,
				1F4DF8F42AFCF10300C17985 /* Encodable.swift */,
			);
			path = Extension;
			sourceTree = "<group>";
		};
		1F4DF8E52AFCEE6A00C17985 /* Model */ = {
			isa = PBXGroup;
			children = (
				1F4DF8EA2AFCEE9100C17985 /* CharctersModel.swift */,
			);
			path = Model;
			sourceTree = "<group>";
		};
		1F4DF8E62AFCEE6E00C17985 /* ViewModel */ = {
			isa = PBXGroup;
			children = (
				1F4DF8E82AFCEE8500C17985 /* CharctersViewModel.swift */,
			);
			path = ViewModel;
			sourceTree = "<group>";
		};
		1F4DF8E72AFCEE7400C17985 /* View */ = {
			isa = PBXGroup;
			children = (
				1F4DF8D42AFCEE0800C17985 /* ContentView.swift */,
			);
			path = View;
			sourceTree = "<group>";
		};
/* End PBXGroup section */

/* Begin PBXNativeTarget section */
		1F4DF8CE2AFCEE0800C17985 /* Charcters */ = {
			isa = PBXNativeTarget;
			buildConfigurationList = 1F4DF8DD2AFCEE0900C17985 /* Build configuration list for PBXNativeTarget "Charcters" */;
			buildPhases = (
				1F4DF8CB2AFCEE0800C17985 /* Sources */,
				1F4DF8CC2AFCEE0800C17985 /* Frameworks */,
				1F4DF8CD2AFCEE0800C17985 /* Resources */,
			);
			buildRules = (
			);
			dependencies = (
			);
			name = Charcters;
			productName = Charcters;
			productReference = 1F4DF8CF2AFCEE0800C17985 /* Charcters.app */;
			productType = "com.apple.product-type.application";
		};
/* End PBXNativeTarget section */

/* Begin PBXProject section */
		1F4DF8C72AFCEE0800C17985 /* Project object */ = {
			isa = PBXProject;
			attributes = {
				BuildIndependentTargetsInParallel = 1;
				LastSwiftUpdateCheck = 1500;
				LastUpgradeCheck = 1500;
				TargetAttributes = {
					1F4DF8CE2AFCEE0800C17985 = {
						CreatedOnToolsVersion = 15.0.1;
					};
				};
			};
			buildConfigurationList = 1F4DF8CA2AFCEE0800C17985 /* Build configuration list for PBXProject "Charcters" */;
			compatibilityVersion = "Xcode 14.0";
			developmentRegion = en;
			hasScannedForEncodings = 0;
			knownRegions = (
				en,
				Base,
			);
			mainGroup = 1F4DF8C62AFCEE0800C17985;
			productRefGroup = 1F4DF8D02AFCEE0800C17985 /* Products */;
			projectDirPath = "";
			projectRoot = "";
			targets = (
				1F4DF8CE2AFCEE0800C17985 /* Charcters */,
			);
		};
/* End PBXProject section */

/* Begin PBXResourcesBuildPhase section */
		1F4DF8CD2AFCEE0800C17985 /* Resources */ = {
			isa = PBXResourcesBuildPhase;
			buildActionMask = 2147483647;
			files = (
				1F4DF8DA2AFCEE0900C17985 /* Preview Assets.xcassets in Resources */,
				1F4DF8D72AFCEE0900C17985 /* Assets.xcassets in Resources */,
			);
			runOnlyForDeploymentPostprocessing = 0;
		};
/* End PBXResourcesBuildPhase section */

/* Begin PBXSourcesBuildPhase section */
		1F4DF8CB2AFCEE0800C17985 /* Sources */ = {
			isa = PBXSourcesBuildPhase;
			buildActionMask = 2147483647;
			files = (
				1F4DF8D52AFCEE0800C17985 /* ContentView.swift in Sources */,
				1F4DF8F52AFCF10300C17985 /* Encodable.swift in Sources */,
				1F4DF8F72AFCF25C00C17985 /* CharactersTargetType.swift in Sources */,
				1F4DF8D32AFCEE0800C17985 /* CharctersApp.swift in Sources */,
				1F4DF8E92AFCEE8500C17985 /* CharctersViewModel.swift in Sources */,
				1F4DF8ED2AFCEEDE00C17985 /* APIClient.swift in Sources */,
				1F4DF8EF2AFCEEE700C17985 /* Enums.swift in Sources */,
				1F4DF8EB2AFCEE9100C17985 /* CharctersModel.swift in Sources */,
				1F4DF8F32AFCF04B00C17985 /* String.swift in Sources */,
				1F4DF8F12AFCEEF300C17985 /* TargetType.swift in Sources */,
			);
			runOnlyForDeploymentPostprocessing = 0;
		};
/* End PBXSourcesBuildPhase section */

/* Begin XCBuildConfiguration section */
		1F4DF8DB2AFCEE0900C17985 /* Debug */ = {
			isa = XCBuildConfiguration;
			buildSettings = {
				ALWAYS_SEARCH_USER_PATHS = NO;
				ASSETCATALOG_COMPILER_GENERATE_SWIFT_ASSET_SYMBOL_EXTENSIONS = YES;
				CLANG_ANALYZER_NONNULL = YES;
				CLANG_ANALYZER_NUMBER_OBJECT_CONVERSION = YES_AGGRESSIVE;
				CLANG_CXX_LANGUAGE_STANDARD = "gnu++20";
				CLANG_ENABLE_MODULES = YES;
				CLANG_ENABLE_OBJC_ARC = YES;
				CLANG_ENABLE_OBJC_WEAK = YES;
				CLANG_WARN_BLOCK_CAPTURE_AUTORELEASING = YES;
				CLANG_WARN_BOOL_CONVERSION = YES;
				CLANG_WARN_COMMA = YES;
				CLANG_WARN_CONSTANT_CONVERSION = YES;
				CLANG_WARN_DEPRECATED_OBJC_IMPLEMENTATIONS = YES;
				CLANG_WARN_DIRECT_OBJC_ISA_USAGE = YES_ERROR;
				CLANG_WARN_DOCUMENTATION_COMMENTS = YES;
				CLANG_WARN_EMPTY_BODY = YES;
				CLANG_WARN_ENUM_CONVERSION = YES;
				CLANG_WARN_INFINITE_RECURSION = YES;
				CLANG_WARN_INT_CONVERSION = YES;
				CLANG_WARN_NON_LITERAL_NULL_CONVERSION = YES;
				CLANG_WARN_OBJC_IMPLICIT_RETAIN_SELF = YES;
				CLANG_WARN_OBJC_LITERAL_CONVERSION = YES;
				CLANG_WARN_OBJC_ROOT_CLASS = YES_ERROR;
				CLANG_WARN_QUOTED_INCLUDE_IN_FRAMEWORK_HEADER = YES;
				CLANG_WARN_RANGE_LOOP_ANALYSIS = YES;
				CLANG_WARN_STRICT_PROTOTYPES = YES;
				CLANG_WARN_SUSPICIOUS_MOVE = YES;
				CLANG_WARN_UNGUARDED_AVAILABILITY = YES_AGGRESSIVE;
				CLANG_WARN_UNREACHABLE_CODE = YES;
				CLANG_WARN__DUPLICATE_METHOD_MATCH = YES;
				COPY_PHASE_STRIP = NO;
				DEBUG_INFORMATION_FORMAT = dwarf;
				ENABLE_STRICT_OBJC_MSGSEND = YES;
				ENABLE_TESTABILITY = YES;
				ENABLE_USER_SCRIPT_SANDBOXING = YES;
				GCC_C_LANGUAGE_STANDARD = gnu17;
				GCC_DYNAMIC_NO_PIC = NO;
				GCC_NO_COMMON_BLOCKS = YES;
				GCC_OPTIMIZATION_LEVEL = 0;
				GCC_PREPROCESSOR_DEFINITIONS = (
					"DEBUG=1",
					"$(inherited)",
				);
				GCC_WARN_64_TO_32_BIT_CONVERSION = YES;
				GCC_WARN_ABOUT_RETURN_TYPE = YES_ERROR;
				GCC_WARN_UNDECLARED_SELECTOR = YES;
				GCC_WARN_UNINITIALIZED_AUTOS = YES_AGGRESSIVE;
				GCC_WARN_UNUSED_FUNCTION = YES;
				GCC_WARN_UNUSED_VARIABLE = YES;
				IPHONEOS_DEPLOYMENT_TARGET = 17.0;
				LOCALIZATION_PREFERS_STRING_CATALOGS = YES;
				MTL_ENABLE_DEBUG_INFO = INCLUDE_SOURCE;
				MTL_FAST_MATH = YES;
				ONLY_ACTIVE_ARCH = YES;
				SDKROOT = iphoneos;
				SWIFT_ACTIVE_COMPILATION_CONDITIONS = "DEBUG $(inherited)";
				SWIFT_OPTIMIZATION_LEVEL = "-Onone";
			};
			name = Debug;
		};
		1F4DF8DC2AFCEE0900C17985 /* Release */ = {
			isa = XCBuildConfiguration;
			buildSettings = {
				ALWAYS_SEARCH_USER_PATHS = NO;
				ASSETCATALOG_COMPILER_GENERATE_SWIFT_ASSET_SYMBOL_EXTENSIONS = YES;
				CLANG_ANALYZER_NONNULL = YES;
				CLANG_ANALYZER_NUMBER_OBJECT_CONVERSION = YES_AGGRESSIVE;
				CLANG_CXX_LANGUAGE_STANDARD = "gnu++20";
				CLANG_ENABLE_MODULES = YES;
				CLANG_ENABLE_OBJC_ARC = YES;
				CLANG_ENABLE_OBJC_WEAK = YES;
				CLANG_WARN_BLOCK_CAPTURE_AUTORELEASING = YES;
				CLANG_WARN_BOOL_CONVERSION = YES;
				CLANG_WARN_COMMA = YES;
				CLANG_WARN_CONSTANT_CONVERSION = YES;
				CLANG_WARN_DEPRECATED_OBJC_IMPLEMENTATIONS = YES;
				CLANG_WARN_DIRECT_OBJC_ISA_USAGE = YES_ERROR;
				CLANG_WARN_DOCUMENTATION_COMMENTS = YES;
				CLANG_WARN_EMPTY_BODY = YES;
				CLANG_WARN_ENUM_CONVERSION = YES;
				CLANG_WARN_INFINITE_RECURSION = YES;
				CLANG_WARN_INT_CONVERSION = YES;
				CLANG_WARN_NON_LITERAL_NULL_CONVERSION = YES;
				CLANG_WARN_OBJC_IMPLICIT_RETAIN_SELF = YES;
				CLANG_WARN_OBJC_LITERAL_CONVERSION = YES;
				CLANG_WARN_OBJC_ROOT_CLASS = YES_ERROR;
				CLANG_WARN_QUOTED_INCLUDE_IN_FRAMEWORK_HEADER = YES;
				CLANG_WARN_RANGE_LOOP_ANALYSIS = YES;
				CLANG_WARN_STRICT_PROTOTYPES = YES;
				CLANG_WARN_SUSPICIOUS_MOVE = YES;
				CLANG_WARN_UNGUARDED_AVAILABILITY = YES_AGGRESSIVE;
				CLANG_WARN_UNREACHABLE_CODE = YES;
				CLANG_WARN__DUPLICATE_METHOD_MATCH = YES;
				COPY_PHASE_STRIP = NO;
				DEBUG_INFORMATION_FORMAT = "dwarf-with-dsym";
				ENABLE_NS_ASSERTIONS = NO;
				ENABLE_STRICT_OBJC_MSGSEND = YES;
				ENABLE_USER_SCRIPT_SANDBOXING = YES;
				GCC_C_LANGUAGE_STANDARD = gnu17;
				GCC_NO_COMMON_BLOCKS = YES;
				GCC_WARN_64_TO_32_BIT_CONVERSION = YES;
				GCC_WARN_ABOUT_RETURN_TYPE = YES_ERROR;
				GCC_WARN_UNDECLARED_SELECTOR = YES;
				GCC_WARN_UNINITIALIZED_AUTOS = YES_AGGRESSIVE;
				GCC_WARN_UNUSED_FUNCTION = YES;
				GCC_WARN_UNUSED_VARIABLE = YES;
				IPHONEOS_DEPLOYMENT_TARGET = 17.0;
				LOCALIZATION_PREFERS_STRING_CATALOGS = YES;
				MTL_ENABLE_DEBUG_INFO = NO;
				MTL_FAST_MATH = YES;
				SDKROOT = iphoneos;
				SWIFT_COMPILATION_MODE = wholemodule;
				VALIDATE_PRODUCT = YES;
			};
			name = Release;
		};
		1F4DF8DE2AFCEE0900C17985 /* Debug */ = {
			isa = XCBuildConfiguration;
			buildSettings = {
				ASSETCATALOG_COMPILER_APPICON_NAME = AppIcon;
				ASSETCATALOG_COMPILER_GLOBAL_ACCENT_COLOR_NAME = AccentColor;
				CODE_SIGN_STYLE = Automatic;
				CURRENT_PROJECT_VERSION = 1;
				DEVELOPMENT_ASSET_PATHS = "\"Charcters/Preview Content\"";
				ENABLE_PREVIEWS = YES;
				GENERATE_INFOPLIST_FILE = YES;
				INFOPLIST_KEY_UIApplicationSceneManifest_Generation = YES;
				INFOPLIST_KEY_UIApplicationSupportsIndirectInputEvents = YES;
				INFOPLIST_KEY_UILaunchScreen_Generation = YES;
				INFOPLIST_KEY_UISupportedInterfaceOrientations_iPad = "UIInterfaceOrientationPortrait UIInterfaceOrientationPortraitUpsideDown UIInterfaceOrientationLandscapeLeft UIInterfaceOrientationLandscapeRight";
				INFOPLIST_KEY_UISupportedInterfaceOrientations_iPhone = "UIInterfaceOrientationPortrait UIInterfaceOrientationLandscapeLeft UIInterfaceOrientationLandscapeRight";
				LD_RUNPATH_SEARCH_PATHS = (
					"$(inherited)",
					"@executable_path/Frameworks",
				);
				MARKETING_VERSION = 1.0;
				PRODUCT_BUNDLE_IDENTIFIER = com.ganeshrajugalla.Charcters;
				PRODUCT_NAME = "$(TARGET_NAME)";
				SWIFT_EMIT_LOC_STRINGS = YES;
				SWIFT_VERSION = 5.0;
				TARGETED_DEVICE_FAMILY = "1,2";
			};
			name = Debug;
		};
		1F4DF8DF2AFCEE0900C17985 /* Release */ = {
			isa = XCBuildConfiguration;
			buildSettings = {
				ASSETCATALOG_COMPILER_APPICON_NAME = AppIcon;
				ASSETCATALOG_COMPILER_GLOBAL_ACCENT_COLOR_NAME = AccentColor;
				CODE_SIGN_STYLE = Automatic;
				CURRENT_PROJECT_VERSION = 1;
				DEVELOPMENT_ASSET_PATHS = "\"Charcters/Preview Content\"";
				ENABLE_PREVIEWS = YES;
				GENERATE_INFOPLIST_FILE = YES;
				INFOPLIST_KEY_UIApplicationSceneManifest_Generation = YES;
				INFOPLIST_KEY_UIApplicationSupportsIndirectInputEvents = YES;
				INFOPLIST_KEY_UILaunchScreen_Generation = YES;
				INFOPLIST_KEY_UISupportedInterfaceOrientations_iPad = "UIInterfaceOrientationPortrait UIInterfaceOrientationPortraitUpsideDown UIInterfaceOrientationLandscapeLeft UIInterfaceOrientationLandscapeRight";
				INFOPLIST_KEY_UISupportedInterfaceOrientations_iPhone = "UIInterfaceOrientationPortrait UIInterfaceOrientationLandscapeLeft UIInterfaceOrientationLandscapeRight";
				LD_RUNPATH_SEARCH_PATHS = (
					"$(inherited)",
					"@executable_path/Frameworks",
				);
				MARKETING_VERSION = 1.0;
				PRODUCT_BUNDLE_IDENTIFIER = com.ganeshrajugalla.Charcters;
				PRODUCT_NAME = "$(TARGET_NAME)";
				SWIFT_EMIT_LOC_STRINGS = YES;
				SWIFT_VERSION = 5.0;
				TARGETED_DEVICE_FAMILY = "1,2";
			};
			name = Release;
		};
/* End XCBuildConfiguration section */

/* Begin XCConfigurationList section */
		1F4DF8CA2AFCEE0800C17985 /* Build configuration list for PBXProject "Charcters" */ = {
			isa = XCConfigurationList;
			buildConfigurations = (
				1F4DF8DB2AFCEE0900C17985 /* Debug */,
				1F4DF8DC2AFCEE0900C17985 /* Release */,
			);
			defaultConfigurationIsVisible = 0;
			defaultConfigurationName = Release;
		};
		1F4DF8DD2AFCEE0900C17985 /* Build configuration list for PBXNativeTarget "Charcters" */ = {
			isa = XCConfigurationList;
			buildConfigurations = (
				1F4DF8DE2AFCEE0900C17985 /* Debug */,
				1F4DF8DF2AFCEE0900C17985 /* Release */,
			);
			defaultConfigurationIsVisible = 0;
			defaultConfigurationName = Release;
		};
/* End XCConfigurationList section */
	};
	rootObject = 1F4DF8C72AFCEE0800C17985 /* Project object */;
}
